# @generated - this file is auto-generated by `mise lock` https://mise.jdx.dev/dev-tools/mise-lock.html

[[tools.gh]]
version = "2.97.0"
backend = "aqua:cli/cli"

[tools.gh."platforms.linux-arm64"]
checksum = "sha256:73ea440ecad9c9e284429997ee6f93577bc6f7bc6fba357ef62c53ad8fb641a5"
url = "https://github.com/cli/cli/releases/download/v2.97.0/gh_2.97.0_linux_arm64.tar.gz"
url_api = "https://api.github.com/repos/cli/cli/releases/assets/496108278"
provenance = "github-attestations"

[tools.gh."platforms.linux-x64"]
checksum = "sha256:a2c9b8497e1f85b1ad0dfcb78b5a622e098801b8e461e459e88e1ee12f018112"
url = "https://github.com/cli/cli/releases/download/v2.97.0/gh_2.97.0_linux_amd64.tar.gz"
url_api = "https://api.github.com/repos/cli/cli/releases/assets/496108269"
provenance = "github-attestations"

[tools.gh."platforms.macos-arm64"]
checksum = "sha256:a58b8fd77b417a38f47a0b54d1370c59b0fcdb324ccc9ca002b0998f7c4c999e"
url = "https://github.com/cli/cli/releases/download/v2.97.0/gh_2.97.0_macOS_arm64.zip"
url_api = "https://api.github.com/repos/cli/cli/releases/assets/496108298"
provenance = "github-attestations"

[[tools.helm]]
version = "4.2.4"
backend = "aqua:helm/helm"

[tools.helm."platforms.linux-arm64"]
checksum = "sha256:564de2191b881e9f71b5606b25345821ea1682f06ab90499d3ab22b530176da1"
url = "https://get.helm.sh/helm-v4.2.4-linux-arm64.tar.gz"

[tools.helm."platforms.linux-x64"]
checksum = "sha256:c306b46f719b0a4da32d0f78ee21bf90ce8d602f15b22ab753f0674d1670a7f3"
url = "https://get.helm.sh/helm-v4.2.4-linux-amd64.tar.gz"

[tools.helm."platforms.macos-arm64"]
checksum = "sha256:d747eb4e28bd2727173d15b759fa0a17822291ec09db7ced3d55af290a3661a2"
url = "https://get.helm.sh/helm-v4.2.4-darwin-arm64.tar.gz"

[[tools.kustomize]]
version = "5.8.1"
backend = "aqua:kubernetes-sigs/kustomize"

[tools.kustomize."platforms.linux-arm64"]
checksum = "sha256:0953ea3e476f66d6ddfcd911d750f5167b9365aa9491b2326398e289fef2c142"
url = "https://github.com/kubernetes-sigs/kustomize/releases/download/kustomize/v5.8.1/kustomize_v5.8.1_linux_arm64.tar.gz"
url_api = "https://api.github.com/repos/kubernetes-sigs/kustomize/releases/assets/353160971"

[tools.kustomize."platforms.linux-x64"]
checksum = "sha256:029a7f0f4e1932c52a0476cf02a0fd855c0bb85694b82c338fc648dcb53a819d"
url = "https://github.com/kubernetes-sigs/kustomize/releases/download/kustomize/v5.8.1/kustomize_v5.8.1_linux_amd64.tar.gz"
url_api = "https://api.github.com/repos/kubernetes-sigs/kustomize/releases/assets/353160972"

[tools.kustomize."platforms.macos-arm64"]
checksum = "sha256:8886f8a78474e608cc81234f729fda188a9767da23e28925802f00ece2bab288"
url = "https://github.com/kubernetes-sigs/kustomize/releases/download/kustomize/v5.8.1/kustomize_v5.8.1_darwin_arm64.tar.gz"
url_api = "https://api.github.com/repos/kubernetes-sigs/kustomize/releases/assets/353160975"

[[tools.python]]
version = "3.14.7"
backend = "core:python"

[tools.python."platforms.linux-arm64"]
checksum = "sha256:86dfb106b303fa6a1991f7da42ced3e11576f777be299b3162e06617b6d22542"
url = "https://github.com/astral-sh/python-build-standalone/releases/download/20260814/cpython-3.14.7+20260814-aarch64-unknown-linux-gnu-install_only_stripped.tar.gz"
provenance = "github-attestations"

[tools.python."platforms.linux-x64"]
checksum = "sha256:cefba034445d2875408d1fd4d5700ae6731563aeb54dcb39fd8164ab5c457533"
url = "https://github.com/astral-sh/python-build-standalone/releases/download/20260814/cpython-3.14.7+20260814-x86_64-unknown-linux-gnu-install_only_stripped.tar.gz"
provenance = "github-attestations"

[tools.python."platforms.macos-arm64"]
checksum = "blake3:2658330816d6c6b6f99a4b92c24c14a1fef09caa072952e799815d01e60e2911"
url = "https://github.com/astral-sh/python-build-standalone/releases/download/20260814/cpython-3.14.7+20260814-aarch64-apple-darwin-install_only_stripped.tar.gz"
provenance = "github-attestations"

[[tools.uv]]
version = "0.12.4"
backend = "aqua:astral-sh/uv"

[tools.uv."platforms.linux-arm64"]
checksum = "sha256:04ed16e895b08065720e3d06cde722f0d406b63d116247d5e7776525c41f4972"
url = "https://github.com/astral-sh/uv/releases/download/0.12.4/uv-aarch64-unknown-linux-musl.tar.gz"
url_api = "https://api.github.com/repos/astral-sh/uv/releases/assets/513521211"
provenance = "github-attestations"

[tools.uv."platforms.linux-x64"]
checksum = "sha256:7aef04898775585d636424e52053e5328f2b1779175d5cb47665ff9d7524e8e7"
url = "https://github.com/astral-sh/uv/releases/download/0.12.4/uv-x86_64-unknown-linux-musl.tar.gz"
url_api = "https://api.github.com/repos/astral-sh/uv/releases/assets/513521278"
provenance = "github-attestations"

[tools.uv."platforms.macos-arm64"]
checksum = "sha256:99a913b606194867b43086404412c1afe079547fee72ecfb6af7e7b0dd54b0c6"
url = "https://github.com/astral-sh/uv/releases/download/0.12.4/uv-aarch64-apple-darwin.tar.gz"
url_api = "https://api.github.com/repos/astral-sh/uv/releases/assets/513521194"
provenance = "github-attestations"

[[tools.yq]]
version = "4.53.3"
backend = "aqua:mikefarah/yq"

[tools.yq."platforms.linux-arm64"]
checksum = "sha256:578648e463a11c1b6db6010cbf41eafed6bee79466fcffa1bb446672cf7945ea"
url = "https://github.com/mikefarah/yq/releases/download/v4.53.3/yq_linux_arm64"
url_api = "https://api.github.com/repos/mikefarah/yq/releases/assets/440146727"
provenance = "cosign"

[tools.yq."platforms.linux-x64"]
checksum = "sha256:fa52a4e758c63d38299163fbdd1edfb4c4963247918bf9c1c5d31d84789eded4"
url = "https://github.com/mikefarah/yq/releases/download/v4.53.3/yq_linux_amd64"
url_api = "https://api.github.com/repos/mikefarah/yq/releases/assets/440146735"
provenance = "cosign"

[tools.yq."platforms.macos-arm64"]
checksum = "sha256:877de31753a4dd2401aa048937aa9a7fc4d5f6ce858cf31508c5802954297213"
url = "https://github.com/mikefarah/yq/releases/download/v4.53.3/yq_darwin_arm64"
url_api = "https://api.github.com/repos/mikefarah/yq/releases/assets/440146762"
provenance = "cosign"
